// !$*UTF8*$!
{
	archiveVersion = 1;
	classes = {
	};
	objectVersion = 50;
	objects = {

/* Begin PBXBuildFile section */
		841B21C022B0537B000CA84F /* ActivePlayer.swift in Sources */ = {isa = PBXBuildFile; fileRef = 841B21BF22B0537B000CA84F /* ActivePlayer.swift */; };
		841B21C222B12046000CA84F /* Item.swift in Sources */ = {isa = PBXBuildFile; fileRef = 841B21C122B12046000CA84F /* Item.swift */; };
		841B21C422B12935000CA84F /* Video.swift in Sources */ = {isa = PBXBuildFile; fileRef = 841B21C322B12935000CA84F /* Video.swift */; };
		841B21C622B12C81000CA84F /* Album.swift in Sources */ = {isa = PBXBuildFile; fileRef = 841B21C522B12C81000CA84F /* Album.swift */; };
		841B21C822B2E579000CA84F /* KodiFile.swift in Sources */ = {isa = PBXBuildFile; fileRef = 841B21C722B2E579000CA84F /* KodiFile.swift */; };
		841B21CA22B58901000CA84F /* Spinner.swift in Sources */ = {isa = PBXBuildFile; fileRef = 841B21C922B58901000CA84F /* Spinner.swift */; };
		841B21CC22B58ABE000CA84F /* UINotification.swift in Sources */ = {isa = PBXBuildFile; fileRef = 841B21CB22B58ABE000CA84F /* UINotification.swift */; };
		841B21CE22B58B18000CA84F /* TextField.swift in Sources */ = {isa = PBXBuildFile; fileRef = 841B21CD22B58B18000CA84F /* TextField.swift */; };
		841B21D022B5987D000CA84F /* GlobalTime.swift in Sources */ = {isa = PBXBuildFile; fileRef = 841B21CF22B5987D000CA84F /* GlobalTime.swift */; };
		841B21D222B5A1C8000CA84F /* Playlist.swift in Sources */ = {isa = PBXBuildFile; fileRef = 841B21D122B5A1C8000CA84F /* Playlist.swift */; };
		844A899F22A3F27F000ED2EB /* KodiPlayerTabBarViewController.swift in Sources */ = {isa = PBXBuildFile; fileRef = 844A899E22A3F27F000ED2EB /* KodiPlayerTabBarViewController.swift */; };
		844A89A122A4023D000ED2EB /* PlaylistTableViewController.swift in Sources */ = {isa = PBXBuildFile; fileRef = 844A89A022A4023D000ED2EB /* PlaylistTableViewController.swift */; };
		844A89A322A40283000ED2EB /* MusicLibraryViewController.swift in Sources */ = {isa = PBXBuildFile; fileRef = 844A89A222A40283000ED2EB /* MusicLibraryViewController.swift */; };
		844B71E922A5359D00805B37 /* JSonRpc.swift in Sources */ = {isa = PBXBuildFile; fileRef = 8485843B22918957006064A0 /* JSonRpc.swift */; };
		844B71EB22A6527400805B37 /* Action.swift in Sources */ = {isa = PBXBuildFile; fileRef = 844B71EA22A6527400805B37 /* Action.swift */; };
		844B71EE22A79AB900805B37 /* KodiUtils.swift in Sources */ = {isa = PBXBuildFile; fileRef = 844B71ED22A79AB900805B37 /* KodiUtils.swift */; };
		844B71EF22A79AB900805B37 /* KodiUtils.swift in Sources */ = {isa = PBXBuildFile; fileRef = 844B71ED22A79AB900805B37 /* KodiUtils.swift */; };
		8450591E22BAA0BB00C11BA6 /* Song.swift in Sources */ = {isa = PBXBuildFile; fileRef = 8450591D22BAA0BB00C11BA6 /* Song.swift */; };
		8455715722B84BF000D4842A /* MusicLibraryCell.swift in Sources */ = {isa = PBXBuildFile; fileRef = 8455715622B84BF000D4842A /* MusicLibraryCell.swift */; };
		8455715922B994B700D4842A /* KodiStatus.swift in Sources */ = {isa = PBXBuildFile; fileRef = 8455715822B994B700D4842A /* KodiStatus.swift */; };
		8455715B22B9A62800D4842A /* NSNotification.swift in Sources */ = {isa = PBXBuildFile; fileRef = 8455715A22B9A62800D4842A /* NSNotification.swift */; };
		84629D7B229FB98B00B9455A /* RemoteControlViewController.swift in Sources */ = {isa = PBXBuildFile; fileRef = 84629D7A229FB98B00B9455A /* RemoteControlViewController.swift */; };
		84858414229177C1006064A0 /* AppDelegate.swift in Sources */ = {isa = PBXBuildFile; fileRef = 84858413229177C1006064A0 /* AppDelegate.swift */; };
		84858419229177C1006064A0 /* Main.storyboard in Resources */ = {isa = PBXBuildFile; fileRef = 84858417229177C1006064A0 /* Main.storyboard */; };
		8485841B229177C2006064A0 /* Assets.xcassets in Resources */ = {isa = PBXBuildFile; fileRef = 8485841A229177C2006064A0 /* Assets.xcassets */; };
		8485841E229177C2006064A0 /* LaunchScreen.storyboard in Resources */ = {isa = PBXBuildFile; fileRef = 8485841C229177C2006064A0 /* LaunchScreen.storyboard */; };
		84858429229177C2006064A0 /* KoCoTests.swift in Sources */ = {isa = PBXBuildFile; fileRef = 84858428229177C2006064A0 /* KoCoTests.swift */; };
		8485843722917999006064A0 /* AddMediaPlayerViewController.swift in Sources */ = {isa = PBXBuildFile; fileRef = 8485843622917999006064A0 /* AddMediaPlayerViewController.swift */; };
		8485843922917A9D006064A0 /* DeviceOverviewTableViewController.swift in Sources */ = {isa = PBXBuildFile; fileRef = 8485843822917A9D006064A0 /* DeviceOverviewTableViewController.swift */; };
		8485843C22918957006064A0 /* JSonRpc.swift in Sources */ = {isa = PBXBuildFile; fileRef = 8485843B22918957006064A0 /* JSonRpc.swift */; };
		8485843E22919FC0006064A0 /* KodiPlayer.swift in Sources */ = {isa = PBXBuildFile; fileRef = 8485843D22919FC0006064A0 /* KodiPlayer.swift */; };
		8485843F22919FC0006064A0 /* KodiPlayer.swift in Sources */ = {isa = PBXBuildFile; fileRef = 8485843D22919FC0006064A0 /* KodiPlayer.swift */; };
		84858470229877E3006064A0 /* KodiApi.swift in Sources */ = {isa = PBXBuildFile; fileRef = 8485846F229877E3006064A0 /* KodiApi.swift */; };
		84858471229877E3006064A0 /* KodiApi.swift in Sources */ = {isa = PBXBuildFile; fileRef = 8485846F229877E3006064A0 /* KodiApi.swift */; };
		84858473229976A0006064A0 /* JsonRpcTest.swift in Sources */ = {isa = PBXBuildFile; fileRef = 84858472229976A0006064A0 /* JsonRpcTest.swift */; };
		84908BF322A941BD0085C678 /* List.swift in Sources */ = {isa = PBXBuildFile; fileRef = 84908BF222A941BD0085C678 /* List.swift */; };
		84908BF622A943470085C678 /* Version.swift in Sources */ = {isa = PBXBuildFile; fileRef = 84908BF522A943470085C678 /* Version.swift */; };
		84908BF822A943700085C678 /* Artist.swift in Sources */ = {isa = PBXBuildFile; fileRef = 84908BF722A943700085C678 /* Artist.swift */; };
		84908BFA22A945CD0085C678 /* Library.swift in Sources */ = {isa = PBXBuildFile; fileRef = 84908BF922A945CD0085C678 /* Library.swift */; };
		84A331F722B7956D005D05B6 /* KodiErrorHandler.swift in Sources */ = {isa = PBXBuildFile; fileRef = 84A331F622B7956D005D05B6 /* KodiErrorHandler.swift */; };
		84A331F922B7A850005D05B6 /* KodiRefresh.swift in Sources */ = {isa = PBXBuildFile; fileRef = 84A331F822B7A850005D05B6 /* KodiRefresh.swift */; };
		84AA52F322BE3C80000E7DE4 /* KodiStatusViewController.swift in Sources */ = {isa = PBXBuildFile; fileRef = 84AA52F222BE3C80000E7DE4 /* KodiStatusViewController.swift */; };
/* End PBXBuildFile section */

/* Begin PBXContainerItemProxy section */
		84858425229177C2006064A0 /* PBXContainerItemProxy */ = {
			isa = PBXContainerItemProxy;
			containerPortal = 84858408229177C1006064A0 /* Project object */;
			proxyType = 1;
			remoteGlobalIDString = 8485840F229177C1006064A0;
			remoteInfo = KoCo;
		};
/* End PBXContainerItemProxy section */

/* Begin PBXFileReference section */
		841B21BF22B0537B000CA84F /* ActivePlayer.swift */ = {isa = PBXFileReference; lastKnownFileType = sourcecode.swift; path = ActivePlayer.swift; sourceTree = "<group>"; };
		841B21C122B12046000CA84F /* Item.swift */ = {isa = PBXFileReference; lastKnownFileType = sourcecode.swift; path = Item.swift; sourceTree = "<group>"; };
		841B21C322B12935000CA84F /* Video.swift */ = {isa = PBXFileReference; lastKnownFileType = sourcecode.swift; path = Video.swift; sourceTree = "<group>"; };
		841B21C522B12C81000CA84F /* Album.swift */ = {isa = PBXFileReference; lastKnownFileType = sourcecode.swift; path = Album.swift; sourceTree = "<group>"; };
		841B21C722B2E579000CA84F /* KodiFile.swift */ = {isa = PBXFileReference; lastKnownFileType = sourcecode.swift; path = KodiFile.swift; sourceTree = "<group>"; };
		841B21C922B58901000CA84F /* Spinner.swift */ = {isa = PBXFileReference; lastKnownFileType = sourcecode.swift; path = Spinner.swift; sourceTree = "<group>"; };
		841B21CB22B58ABE000CA84F /* UINotification.swift */ = {isa = PBXFileReference; lastKnownFileType = sourcecode.swift; path = UINotification.swift; sourceTree = "<group>"; };
		841B21CD22B58B18000CA84F /* TextField.swift */ = {isa = PBXFileReference; lastKnownFileType = sourcecode.swift; path = TextField.swift; sourceTree = "<group>"; };
		841B21CF22B5987D000CA84F /* GlobalTime.swift */ = {isa = PBXFileReference; lastKnownFileType = sourcecode.swift; path = GlobalTime.swift; sourceTree = "<group>"; };
		841B21D122B5A1C8000CA84F /* Playlist.swift */ = {isa = PBXFileReference; lastKnownFileType = sourcecode.swift; path = Playlist.swift; sourceTree = "<group>"; };
		844A899E22A3F27F000ED2EB /* KodiPlayerTabBarViewController.swift */ = {isa = PBXFileReference; lastKnownFileType = sourcecode.swift; path = KodiPlayerTabBarViewController.swift; sourceTree = "<group>"; };
		844A89A022A4023D000ED2EB /* PlaylistTableViewController.swift */ = {isa = PBXFileReference; lastKnownFileType = sourcecode.swift; path = PlaylistTableViewController.swift; sourceTree = "<group>"; };
		844A89A222A40283000ED2EB /* MusicLibraryViewController.swift */ = {isa = PBXFileReference; lastKnownFileType = sourcecode.swift; path = MusicLibraryViewController.swift; sourceTree = "<group>"; };
		844B71EA22A6527400805B37 /* Action.swift */ = {isa = PBXFileReference; lastKnownFileType = sourcecode.swift; path = Action.swift; sourceTree = "<group>"; };
		844B71ED22A79AB900805B37 /* KodiUtils.swift */ = {isa = PBXFileReference; lastKnownFileType = sourcecode.swift; path = KodiUtils.swift; sourceTree = "<group>"; };
		8450591D22BAA0BB00C11BA6 /* Song.swift */ = {isa = PBXFileReference; lastKnownFileType = sourcecode.swift; path = Song.swift; sourceTree = "<group>"; };
		8455715622B84BF000D4842A /* MusicLibraryCell.swift */ = {isa = PBXFileReference; lastKnownFileType = sourcecode.swift; path = MusicLibraryCell.swift; sourceTree = "<group>"; };
		8455715822B994B700D4842A /* KodiStatus.swift */ = {isa = PBXFileReference; lastKnownFileType = sourcecode.swift; path = KodiStatus.swift; sourceTree = "<group>"; };
		8455715A22B9A62800D4842A /* NSNotification.swift */ = {isa = PBXFileReference; lastKnownFileType = sourcecode.swift; path = NSNotification.swift; sourceTree = "<group>"; };
		84629D7A229FB98B00B9455A /* RemoteControlViewController.swift */ = {isa = PBXFileReference; lastKnownFileType = sourcecode.swift; path = RemoteControlViewController.swift; sourceTree = "<group>"; };
		84858410229177C1006064A0 /* KoCo.app */ = {isa = PBXFileReference; explicitFileType = wrapper.application; includeInIndex = 0; path = KoCo.app; sourceTree = BUILT_PRODUCTS_DIR; };
		84858413229177C1006064A0 /* AppDelegate.swift */ = {isa = PBXFileReference; lastKnownFileType = sourcecode.swift; path = AppDelegate.swift; sourceTree = "<group>"; };
		84858418229177C1006064A0 /* Base */ = {isa = PBXFileReference; lastKnownFileType = file.storyboard; name = Base; path = Base.lproj/Main.storyboard; sourceTree = "<group>"; };
		8485841A229177C2006064A0 /* Assets.xcassets */ = {isa = PBXFileReference; lastKnownFileType = folder.assetcatalog; path = Assets.xcassets; sourceTree = "<group>"; };
		8485841D229177C2006064A0 /* Base */ = {isa = PBXFileReference; lastKnownFileType = file.storyboard; name = Base; path = Base.lproj/LaunchScreen.storyboard; sourceTree = "<group>"; };
		8485841F229177C2006064A0 /* Info.plist */ = {isa = PBXFileReference; lastKnownFileType = text.plist.xml; path = Info.plist; sourceTree = "<group>"; };
		84858424229177C2006064A0 /* KoCoTests.xctest */ = {isa = PBXFileReference; explicitFileType = wrapper.cfbundle; includeInIndex = 0; path = KoCoTests.xctest; sourceTree = BUILT_PRODUCTS_DIR; };
		84858428229177C2006064A0 /* KoCoTests.swift */ = {isa = PBXFileReference; lastKnownFileType = sourcecode.swift; path = KoCoTests.swift; sourceTree = "<group>"; };
		8485842A229177C2006064A0 /* Info.plist */ = {isa = PBXFileReference; lastKnownFileType = text.plist.xml; path = Info.plist; sourceTree = "<group>"; };
		8485843622917999006064A0 /* AddMediaPlayerViewController.swift */ = {isa = PBXFileReference; lastKnownFileType = sourcecode.swift; path = AddMediaPlayerViewController.swift; sourceTree = "<group>"; };
		8485843822917A9D006064A0 /* DeviceOverviewTableViewController.swift */ = {isa = PBXFileReference; lastKnownFileType = sourcecode.swift; path = DeviceOverviewTableViewController.swift; sourceTree = "<group>"; };
		8485843B22918957006064A0 /* JSonRpc.swift */ = {isa = PBXFileReference; fileEncoding = 4; lastKnownFileType = sourcecode.swift; path = JSonRpc.swift; sourceTree = "<group>"; };
		8485843D22919FC0006064A0 /* KodiPlayer.swift */ = {isa = PBXFileReference; lastKnownFileType = sourcecode.swift; path = KodiPlayer.swift; sourceTree = "<group>"; };
		8485846F229877E3006064A0 /* KodiApi.swift */ = {isa = PBXFileReference; lastKnownFileType = sourcecode.swift; path = KodiApi.swift; sourceTree = "<group>"; };
		84858472229976A0006064A0 /* JsonRpcTest.swift */ = {isa = PBXFileReference; lastKnownFileType = sourcecode.swift; path = JsonRpcTest.swift; sourceTree = "<group>"; };
		84908BF222A941BD0085C678 /* List.swift */ = {isa = PBXFileReference; lastKnownFileType = sourcecode.swift; path = List.swift; sourceTree = "<group>"; };
		84908BF522A943470085C678 /* Version.swift */ = {isa = PBXFileReference; lastKnownFileType = sourcecode.swift; path = Version.swift; sourceTree = "<group>"; };
		84908BF722A943700085C678 /* Artist.swift */ = {isa = PBXFileReference; lastKnownFileType = sourcecode.swift; path = Artist.swift; sourceTree = "<group>"; };
		84908BF922A945CD0085C678 /* Library.swift */ = {isa = PBXFileReference; lastKnownFileType = sourcecode.swift; path = Library.swift; sourceTree = "<group>"; };
		84A331F622B7956D005D05B6 /* KodiErrorHandler.swift */ = {isa = PBXFileReference; lastKnownFileType = sourcecode.swift; path = KodiErrorHandler.swift; sourceTree = "<group>"; };
		84A331F822B7A850005D05B6 /* KodiRefresh.swift */ = {isa = PBXFileReference; lastKnownFileType = sourcecode.swift; path = KodiRefresh.swift; sourceTree = "<group>"; };
		84AA52F222BE3C80000E7DE4 /* KodiStatusViewController.swift */ = {isa = PBXFileReference; lastKnownFileType = sourcecode.swift; path = KodiStatusViewController.swift; sourceTree = "<group>"; };
/* End PBXFileReference section */

/* Begin PBXFrameworksBuildPhase section */
		8485840D229177C1006064A0 /* Frameworks */ = {
			isa = PBXFrameworksBuildPhase;
			buildActionMask = 2147483647;
			files = (
			);
			runOnlyForDeploymentPostprocessing = 0;
		};
		84858421229177C2006064A0 /* Frameworks */ = {
			isa = PBXFrameworksBuildPhase;
			buildActionMask = 2147483647;
			files = (
			);
			runOnlyForDeploymentPostprocessing = 0;
		};
/* End PBXFrameworksBuildPhase section */

/* Begin PBXGroup section */
		84858407229177C1006064A0 = {
			isa = PBXGroup;
			children = (
				84858412229177C1006064A0 /* KoCo */,
				84858427229177C2006064A0 /* KoCoTests */,
				84858411229177C1006064A0 /* Products */,
			);
			sourceTree = "<group>";
		};
		84858411229177C1006064A0 /* Products */ = {
			isa = PBXGroup;
			children = (
				84858410229177C1006064A0 /* KoCo.app */,
				84858424229177C2006064A0 /* KoCoTests.xctest */,
			);
			name = Products;
			sourceTree = "<group>";
		};
		84858412229177C1006064A0 /* KoCo */ = {
			isa = PBXGroup;
			children = (
				84908BF422A942FB0085C678 /* KodiTypes */,
				8485843A2291893E006064A0 /* Network */,
				8485843522917904006064A0 /* UI */,
				84858413229177C1006064A0 /* AppDelegate.swift */,
				84858417229177C1006064A0 /* Main.storyboard */,
				8485841A229177C2006064A0 /* Assets.xcassets */,
				8485841C229177C2006064A0 /* LaunchScreen.storyboard */,
				8485841F229177C2006064A0 /* Info.plist */,
			);
			path = KoCo;
			sourceTree = "<group>";
		};
		84858427229177C2006064A0 /* KoCoTests */ = {
			isa = PBXGroup;
			children = (
				84858428229177C2006064A0 /* KoCoTests.swift */,
				8485842A229177C2006064A0 /* Info.plist */,
				84858472229976A0006064A0 /* JsonRpcTest.swift */,
			);
			path = KoCoTests;
			sourceTree = "<group>";
		};
		8485843522917904006064A0 /* UI */ = {
			isa = PBXGroup;
			children = (
				8485843622917999006064A0 /* AddMediaPlayerViewController.swift */,
				84629D7A229FB98B00B9455A /* RemoteControlViewController.swift */,
				844A899E22A3F27F000ED2EB /* KodiPlayerTabBarViewController.swift */,
				844A89A022A4023D000ED2EB /* PlaylistTableViewController.swift */,
				844A89A222A40283000ED2EB /* MusicLibraryViewController.swift */,
				8485843822917A9D006064A0 /* DeviceOverviewTableViewController.swift */,
				841B21C922B58901000CA84F /* Spinner.swift */,
				841B21CB22B58ABE000CA84F /* UINotification.swift */,
				841B21CD22B58B18000CA84F /* TextField.swift */,
				84A331F622B7956D005D05B6 /* KodiErrorHandler.swift */,
				84A331F822B7A850005D05B6 /* KodiRefresh.swift */,
				8455715622B84BF000D4842A /* MusicLibraryCell.swift */,
				84AA52F222BE3C80000E7DE4 /* KodiStatusViewController.swift */,
			);
			path = UI;
			sourceTree = "<group>";
		};
		8485843A2291893E006064A0 /* Network */ = {
			isa = PBXGroup;
			children = (
				8485843B22918957006064A0 /* JSonRpc.swift */,
				8485843D22919FC0006064A0 /* KodiPlayer.swift */,
				8485846F229877E3006064A0 /* KodiApi.swift */,
				844B71ED22A79AB900805B37 /* KodiUtils.swift */,
				8455715822B994B700D4842A /* KodiStatus.swift */,
				8455715A22B9A62800D4842A /* NSNotification.swift */,
			);
			path = Network;
			sourceTree = "<group>";
		};
		84908BF422A942FB0085C678 /* KodiTypes */ = {
			isa = PBXGroup;
			children = (
				844B71EA22A6527400805B37 /* Action.swift */,
				841B21BF22B0537B000CA84F /* ActivePlayer.swift */,
				841B21C522B12C81000CA84F /* Album.swift */,
				84908BF722A943700085C678 /* Artist.swift */,
				841B21CF22B5987D000CA84F /* GlobalTime.swift */,
				841B21C122B12046000CA84F /* Item.swift */,
				841B21C722B2E579000CA84F /* KodiFile.swift */,
				84908BF922A945CD0085C678 /* Library.swift */,
				84908BF222A941BD0085C678 /* List.swift */,
				841B21D122B5A1C8000CA84F /* Playlist.swift */,
				84908BF522A943470085C678 /* Version.swift */,
				841B21C322B12935000CA84F /* Video.swift */,
				8450591D22BAA0BB00C11BA6 /* Song.swift */,
			);
			path = KodiTypes;
			sourceTree = "<group>";
		};
/* End PBXGroup section */

/* Begin PBXNativeTarget section */
		8485840F229177C1006064A0 /* KoCo */ = {
			isa = PBXNativeTarget;
			buildConfigurationList = 8485842D229177C2006064A0 /* Build configuration list for PBXNativeTarget "KoCo" */;
			buildPhases = (
				8485840C229177C1006064A0 /* Sources */,
				8485840D229177C1006064A0 /* Frameworks */,
				8485840E229177C1006064A0 /* Resources */,
			);
			buildRules = (
			);
			dependencies = (
			);
			name = KoCo;
			productName = KoCo;
			productReference = 84858410229177C1006064A0 /* KoCo.app */;
			productType = "com.apple.product-type.application";
		};
		84858423229177C2006064A0 /* KoCoTests */ = {
			isa = PBXNativeTarget;
			buildConfigurationList = 84858430229177C2006064A0 /* Build configuration list for PBXNativeTarget "KoCoTests" */;
			buildPhases = (
				84858420229177C2006064A0 /* Sources */,
				84858421229177C2006064A0 /* Frameworks */,
				84858422229177C2006064A0 /* Resources */,
			);
			buildRules = (
			);
			dependencies = (
				84858426229177C2006064A0 /* PBXTargetDependency */,
			);
			name = KoCoTests;
			productName = KoCoTests;
			productReference = 84858424229177C2006064A0 /* KoCoTests.xctest */;
			productType = "com.apple.product-type.bundle.unit-test";
		};
/* End PBXNativeTarget section */

/* Begin PBXProject section */
		84858408229177C1006064A0 /* Project object */ = {
			isa = PBXProject;
			attributes = {
				LastSwiftUpdateCheck = 1010;
				LastUpgradeCheck = 1010;
				ORGANIZATIONNAME = "TH Rosenheim";
				TargetAttributes = {
					8485840F229177C1006064A0 = {
						CreatedOnToolsVersion = 10.1;
					};
					84858423229177C2006064A0 = {
						CreatedOnToolsVersion = 10.1;
						TestTargetID = 8485840F229177C1006064A0;
					};
				};
			};
			buildConfigurationList = 8485840B229177C1006064A0 /* Build configuration list for PBXProject "KoCo" */;
			compatibilityVersion = "Xcode 9.3";
			developmentRegion = en;
			hasScannedForEncodings = 0;
			knownRegions = (
				en,
				Base,
			);
			mainGroup = 84858407229177C1006064A0;
			productRefGroup = 84858411229177C1006064A0 /* Products */;
			projectDirPath = "";
			projectRoot = "";
			targets = (
				8485840F229177C1006064A0 /* KoCo */,
				84858423229177C2006064A0 /* KoCoTests */,
			);
		};
/* End PBXProject section */

/* Begin PBXResourcesBuildPhase section */
		8485840E229177C1006064A0 /* Resources */ = {
			isa = PBXResourcesBuildPhase;
			buildActionMask = 2147483647;
			files = (
				8485841E229177C2006064A0 /* LaunchScreen.storyboard in Resources */,
				8485841B229177C2006064A0 /* Assets.xcassets in Resources */,
				84858419229177C1006064A0 /* Main.storyboard in Resources */,
			);
			runOnlyForDeploymentPostprocessing = 0;
		};
		84858422229177C2006064A0 /* Resources */ = {
			isa = PBXResourcesBuildPhase;
			buildActionMask = 2147483647;
			files = (
			);
			runOnlyForDeploymentPostprocessing = 0;
		};
/* End PBXResourcesBuildPhase section */

/* Begin PBXSourcesBuildPhase section */
		8485840C229177C1006064A0 /* Sources */ = {
			isa = PBXSourcesBuildPhase;
			buildActionMask = 2147483647;
			files = (
				84629D7B229FB98B00B9455A /* RemoteControlViewController.swift in Sources */,
				841B21D222B5A1C8000CA84F /* Playlist.swift in Sources */,
				844A899F22A3F27F000ED2EB /* KodiPlayerTabBarViewController.swift in Sources */,
				844A89A322A40283000ED2EB /* MusicLibraryViewController.swift in Sources */,
				841B21CE22B58B18000CA84F /* TextField.swift in Sources */,
				841B21CC22B58ABE000CA84F /* UINotification.swift in Sources */,
				84908BF822A943700085C678 /* Artist.swift in Sources */,
				84858470229877E3006064A0 /* KodiApi.swift in Sources */,
				84908BF622A943470085C678 /* Version.swift in Sources */,
				84A331F722B7956D005D05B6 /* KodiErrorHandler.swift in Sources */,
				8455715722B84BF000D4842A /* MusicLibraryCell.swift in Sources */,
				84A331F922B7A850005D05B6 /* KodiRefresh.swift in Sources */,
				84908BF322A941BD0085C678 /* List.swift in Sources */,
				844B71EB22A6527400805B37 /* Action.swift in Sources */,
				8455715922B994B700D4842A /* KodiStatus.swift in Sources */,
				8485843C22918957006064A0 /* JSonRpc.swift in Sources */,
				841B21D022B5987D000CA84F /* GlobalTime.swift in Sources */,
				844B71EE22A79AB900805B37 /* KodiUtils.swift in Sources */,
				841B21C222B12046000CA84F /* Item.swift in Sources */,
				84AA52F322BE3C80000E7DE4 /* KodiStatusViewController.swift in Sources */,
				841B21CA22B58901000CA84F /* Spinner.swift in Sources */,
				8485843922917A9D006064A0 /* DeviceOverviewTableViewController.swift in Sources */,
				844A89A122A4023D000ED2EB /* PlaylistTableViewController.swift in Sources */,
				8485843722917999006064A0 /* AddMediaPlayerViewController.swift in Sources */,
				841B21C822B2E579000CA84F /* KodiFile.swift in Sources */,
				84908BFA22A945CD0085C678 /* Library.swift in Sources */,
				841B21C422B12935000CA84F /* Video.swift in Sources */,
				8485843E22919FC0006064A0 /* KodiPlayer.swift in Sources */,
				8450591E22BAA0BB00C11BA6 /* Song.swift in Sources */,
				84858414229177C1006064A0 /* AppDelegate.swift in Sources */,
				841B21C022B0537B000CA84F /* ActivePlayer.swift in Sources */,
				8455715B22B9A62800D4842A /* NSNotification.swift in Sources */,
				841B21C622B12C81000CA84F /* Album.swift in Sources */,
			);
			runOnlyForDeploymentPostprocessing = 0;
		};
		84858420229177C2006064A0 /* Sources */ = {
			isa = PBXSourcesBuildPhase;
			buildActionMask = 2147483647;
			files = (
				844B71E922A5359D00805B37 /* JSonRpc.swift in Sources */,
				84858429229177C2006064A0 /* KoCoTests.swift in Sources */,
				8485843F22919FC0006064A0 /* KodiPlayer.swift in Sources */,
				84858471229877E3006064A0 /* KodiApi.swift in Sources */,
				844B71EF22A79AB900805B37 /* KodiUtils.swift in Sources */,
				84858473229976A0006064A0 /* JsonRpcTest.swift in Sources */,
			);
			runOnlyForDeploymentPostprocessing = 0;
		};
/* End PBXSourcesBuildPhase section */

/* Begin PBXTargetDependency section */
		84858426229177C2006064A0 /* PBXTargetDependency */ = {
			isa = PBXTargetDependency;
			target = 8485840F229177C1006064A0 /* KoCo */;
			targetProxy = 84858425229177C2006064A0 /* PBXContainerItemProxy */;
		};
/* End PBXTargetDependency section */

/* Begin PBXVariantGroup section */
		84858417229177C1006064A0 /* Main.storyboard */ = {
			isa = PBXVariantGroup;
			children = (
				84858418229177C1006064A0 /* Base */,
			);
			name = Main.storyboard;
			sourceTree = "<group>";
		};
		8485841C229177C2006064A0 /* LaunchScreen.storyboard */ = {
			isa = PBXVariantGroup;
			children = (
				8485841D229177C2006064A0 /* Base */,
			);
			name = LaunchScreen.storyboard;
			sourceTree = "<group>";
		};
/* End PBXVariantGroup section */

/* Begin XCBuildConfiguration section */
		8485842B229177C2006064A0 /* Debug */ = {
			isa = XCBuildConfiguration;
			buildSettings = {
				ALWAYS_SEARCH_USER_PATHS = NO;
				CLANG_ANALYZER_NONNULL = YES;
				CLANG_ANALYZER_NUMBER_OBJECT_CONVERSION = YES_AGGRESSIVE;
				CLANG_CXX_LANGUAGE_STANDARD = "gnu++14";
				CLANG_CXX_LIBRARY = "libc++";
				CLANG_ENABLE_MODULES = YES;
				CLANG_ENABLE_OBJC_ARC = YES;
				CLANG_ENABLE_OBJC_WEAK = YES;
				CLANG_WARN_BLOCK_CAPTURE_AUTORELEASING = YES;
				CLANG_WARN_BOOL_CONVERSION = YES;
				CLANG_WARN_COMMA = YES;
				CLANG_WARN_CONSTANT_CONVERSION = YES;
				CLANG_WARN_DEPRECATED_OBJC_IMPLEMENTATIONS = YES;
				CLANG_WARN_DIRECT_OBJC_ISA_USAGE = YES_ERROR;
				CLANG_WARN_DOCUMENTATION_COMMENTS = YES;
				CLANG_WARN_EMPTY_BODY = YES;
				CLANG_WARN_ENUM_CONVERSION = YES;
				CLANG_WARN_INFINITE_RECURSION = YES;
				CLANG_WARN_INT_CONVERSION = YES;
				CLANG_WARN_NON_LITERAL_NULL_CONVERSION = YES;
				CLANG_WARN_OBJC_IMPLICIT_RETAIN_SELF = YES;
				CLANG_WARN_OBJC_LITERAL_CONVERSION = YES;
				CLANG_WARN_OBJC_ROOT_CLASS = YES_ERROR;
				CLANG_WARN_RANGE_LOOP_ANALYSIS = YES;
				CLANG_WARN_STRICT_PROTOTYPES = YES;
				CLANG_WARN_SUSPICIOUS_MOVE = YES;
				CLANG_WARN_UNGUARDED_AVAILABILITY = YES_AGGRESSIVE;
				CLANG_WARN_UNREACHABLE_CODE = YES;
				CLANG_WARN__DUPLICATE_METHOD_MATCH = YES;
				CODE_SIGN_IDENTITY = "iPhone Developer";
				COPY_PHASE_STRIP = NO;
				DEBUG_INFORMATION_FORMAT = dwarf;
				ENABLE_STRICT_OBJC_MSGSEND = YES;
				ENABLE_TESTABILITY = YES;
				GCC_C_LANGUAGE_STANDARD = gnu11;
				GCC_DYNAMIC_NO_PIC = NO;
				GCC_NO_COMMON_BLOCKS = YES;
				GCC_OPTIMIZATION_LEVEL = 0;
				GCC_PREPROCESSOR_DEFINITIONS = (
					"DEBUG=1",
					"$(inherited)",
				);
				GCC_WARN_64_TO_32_BIT_CONVERSION = YES;
				GCC_WARN_ABOUT_RETURN_TYPE = YES_ERROR;
				GCC_WARN_UNDECLARED_SELECTOR = YES;
				GCC_WARN_UNINITIALIZED_AUTOS = YES_AGGRESSIVE;
				GCC_WARN_UNUSED_FUNCTION = YES;
				GCC_WARN_UNUSED_VARIABLE = YES;
				IPHONEOS_DEPLOYMENT_TARGET = 12.1;
				MTL_ENABLE_DEBUG_INFO = INCLUDE_SOURCE;
				MTL_FAST_MATH = YES;
				ONLY_ACTIVE_ARCH = YES;
				SDKROOT = iphoneos;
				SWIFT_ACTIVE_COMPILATION_CONDITIONS = DEBUG;
				SWIFT_OPTIMIZATION_LEVEL = "-Onone";
			};
			name = Debug;
		};
		8485842C229177C2006064A0 /* Release */ = {
			isa = XCBuildConfiguration;
			buildSettings = {
				ALWAYS_SEARCH_USER_PATHS = NO;
				CLANG_ANALYZER_NONNULL = YES;
				CLANG_ANALYZER_NUMBER_OBJECT_CONVERSION = YES_AGGRESSIVE;
				CLANG_CXX_LANGUAGE_STANDARD = "gnu++14";
				CLANG_CXX_LIBRARY = "libc++";
				CLANG_ENABLE_MODULES = YES;
				CLANG_ENABLE_OBJC_ARC = YES;
				CLANG_ENABLE_OBJC_WEAK = YES;
				CLANG_WARN_BLOCK_CAPTURE_AUTORELEASING = YES;
				CLANG_WARN_BOOL_CONVERSION = YES;
				CLANG_WARN_COMMA = YES;
				CLANG_WARN_CONSTANT_CONVERSION = YES;
				CLANG_WARN_DEPRECATED_OBJC_IMPLEMENTATIONS = YES;
				CLANG_WARN_DIRECT_OBJC_ISA_USAGE = YES_ERROR;
				CLANG_WARN_DOCUMENTATION_COMMENTS = YES;
				CLANG_WARN_EMPTY_BODY = YES;
				CLANG_WARN_ENUM_CONVERSION = YES;
				CLANG_WARN_INFINITE_RECURSION = YES;
				CLANG_WARN_INT_CONVERSION = YES;
				CLANG_WARN_NON_LITERAL_NULL_CONVERSION = YES;
				CLANG_WARN_OBJC_IMPLICIT_RETAIN_SELF = YES;
				CLANG_WARN_OBJC_LITERAL_CONVERSION = YES;
				CLANG_WARN_OBJC_ROOT_CLASS = YES_ERROR;
				CLANG_WARN_RANGE_LOOP_ANALYSIS = YES;
				CLANG_WARN_STRICT_PROTOTYPES = YES;
				CLANG_WARN_SUSPICIOUS_MOVE = YES;
				CLANG_WARN_UNGUARDED_AVAILABILITY = YES_AGGRESSIVE;
				CLANG_WARN_UNREACHABLE_CODE = YES;
				CLANG_WARN__DUPLICATE_METHOD_MATCH = YES;
				CODE_SIGN_IDENTITY = "iPhone Developer";
				COPY_PHASE_STRIP = NO;
				DEBUG_INFORMATION_FORMAT = "dwarf-with-dsym";
				ENABLE_NS_ASSERTIONS = NO;
				ENABLE_STRICT_OBJC_MSGSEND = YES;
				GCC_C_LANGUAGE_STANDARD = gnu11;
				GCC_NO_COMMON_BLOCKS = YES;
				GCC_WARN_64_TO_32_BIT_CONVERSION = YES;
				GCC_WARN_ABOUT_RETURN_TYPE = YES_ERROR;
				GCC_WARN_UNDECLARED_SELECTOR = YES;
				GCC_WARN_UNINITIALIZED_AUTOS = YES_AGGRESSIVE;
				GCC_WARN_UNUSED_FUNCTION = YES;
				GCC_WARN_UNUSED_VARIABLE = YES;
				IPHONEOS_DEPLOYMENT_TARGET = 12.1;
				MTL_ENABLE_DEBUG_INFO = NO;
				MTL_FAST_MATH = YES;
				SDKROOT = iphoneos;
				SWIFT_COMPILATION_MODE = wholemodule;
				SWIFT_OPTIMIZATION_LEVEL = "-O";
				VALIDATE_PRODUCT = YES;
			};
			name = Release;
		};
		8485842E229177C2006064A0 /* Debug */ = {
			isa = XCBuildConfiguration;
			buildSettings = {
				ASSETCATALOG_COMPILER_APPICON_NAME = AppIcon;
				CODE_SIGN_STYLE = Automatic;
				INFOPLIST_FILE = KoCo/Info.plist;
				LD_RUNPATH_SEARCH_PATHS = (
					"$(inherited)",
					"@executable_path/Frameworks",
				);
				PRODUCT_BUNDLE_IDENTIFIER = thro.KoCo;
				PRODUCT_NAME = "$(TARGET_NAME)";
				SWIFT_VERSION = 4.2;
				TARGETED_DEVICE_FAMILY = "1,2";
			};
			name = Debug;
		};
		8485842F229177C2006064A0 /* Release */ = {
			isa = XCBuildConfiguration;
			buildSettings = {
				ASSETCATALOG_COMPILER_APPICON_NAME = AppIcon;
				CODE_SIGN_STYLE = Automatic;
				INFOPLIST_FILE = KoCo/Info.plist;
				LD_RUNPATH_SEARCH_PATHS = (
					"$(inherited)",
					"@executable_path/Frameworks",
				);
				PRODUCT_BUNDLE_IDENTIFIER = thro.KoCo;
				PRODUCT_NAME = "$(TARGET_NAME)";
				SWIFT_VERSION = 4.2;
				TARGETED_DEVICE_FAMILY = "1,2";
			};
			name = Release;
		};
		84858431229177C2006064A0 /* Debug */ = {
			isa = XCBuildConfiguration;
			buildSettings = {
				ALWAYS_EMBED_SWIFT_STANDARD_LIBRARIES = YES;
				BUNDLE_LOADER = "$(TEST_HOST)";
				CODE_SIGN_STYLE = Automatic;
				INFOPLIST_FILE = KoCoTests/Info.plist;
				LD_RUNPATH_SEARCH_PATHS = (
					"$(inherited)",
					"@executable_path/Frameworks",
					"@loader_path/Frameworks",
				);
				PRODUCT_BUNDLE_IDENTIFIER = thro.KoCoTests;
				PRODUCT_NAME = "$(TARGET_NAME)";
				SWIFT_VERSION = 4.2;
				TARGETED_DEVICE_FAMILY = "1,2";
				TEST_HOST = "$(BUILT_PRODUCTS_DIR)/KoCo.app/KoCo";
			};
			name = Debug;
		};
		84858432229177C2006064A0 /* Release */ = {
			isa = XCBuildConfiguration;
			buildSettings = {
				ALWAYS_EMBED_SWIFT_STANDARD_LIBRARIES = YES;
				BUNDLE_LOADER = "$(TEST_HOST)";
				CODE_SIGN_STYLE = Automatic;
				INFOPLIST_FILE = KoCoTests/Info.plist;
				LD_RUNPATH_SEARCH_PATHS = (
					"$(inherited)",
					"@executable_path/Frameworks",
					"@loader_path/Frameworks",
				);
				PRODUCT_BUNDLE_IDENTIFIER = thro.KoCoTests;
				PRODUCT_NAME = "$(TARGET_NAME)";
				SWIFT_VERSION = 4.2;
				TARGETED_DEVICE_FAMILY = "1,2";
				TEST_HOST = "$(BUILT_PRODUCTS_DIR)/KoCo.app/KoCo";
			};
			name = Release;
		};
/* End XCBuildConfiguration section */

/* Begin XCConfigurationList section */
		8485840B229177C1006064A0 /* Build configuration list for PBXProject "KoCo" */ = {
			isa = XCConfigurationList;
			buildConfigurations = (
				8485842B229177C2006064A0 /* Debug */,
				8485842C229177C2006064A0 /* Release */,
			);
			defaultConfigurationIsVisible = 0;
			defaultConfigurationName = Release;
		};
		8485842D229177C2006064A0 /* Build configuration list for PBXNativeTarget "KoCo" */ = {
			isa = XCConfigurationList;
			buildConfigurations = (
				8485842E229177C2006064A0 /* Debug */,
				8485842F229177C2006064A0 /* Release */,
			);
			defaultConfigurationIsVisible = 0;
			defaultConfigurationName = Release;
		};
		84858430229177C2006064A0 /* Build configuration list for PBXNativeTarget "KoCoTests" */ = {
			isa = XCConfigurationList;
			buildConfigurations = (
				84858431229177C2006064A0 /* Debug */,
				84858432229177C2006064A0 /* Release */,
			);
			defaultConfigurationIsVisible = 0;
			defaultConfigurationName = Release;
		};
/* End XCConfigurationList section */
	};
	rootObject = 84858408229177C1006064A0 /* Project object */;
}
